// !$*UTF8*$!
{
	archiveVersion = 1;
	classes = {
	};
	objectVersion = 46;
	objects = {

/* Begin PBXBuildFile section */
		53D00CC41807DF15006711C1 /* UIKit.framework in Frameworks */ = {isa = PBXBuildFile; fileRef = 53D00CC31807DF15006711C1 /* UIKit.framework */; };
		53D00CC61807DF15006711C1 /* Foundation.framework in Frameworks */ = {isa = PBXBuildFile; fileRef = 53D00CC51807DF15006711C1 /* Foundation.framework */; };
		53D00CC81807DF15006711C1 /* CoreGraphics.framework in Frameworks */ = {isa = PBXBuildFile; fileRef = 53D00CC71807DF15006711C1 /* CoreGraphics.framework */; };
		53D00CCE1807DF15006711C1 /* InfoPlist.strings in Resources */ = {isa = PBXBuildFile; fileRef = 53D00CCC1807DF15006711C1 /* InfoPlist.strings */; };
		53D00CD01807DF15006711C1 /* main.m in Sources */ = {isa = PBXBuildFile; fileRef = 53D00CCF1807DF15006711C1 /* main.m */; };
		53D00CD41807DF15006711C1 /* AppDelegate.m in Sources */ = {isa = PBXBuildFile; fileRef = 53D00CD31807DF15006711C1 /* AppDelegate.m */; };
		53D00CD61807DF15006711C1 /* Default.png in Resources */ = {isa = PBXBuildFile; fileRef = 53D00CD51807DF15006711C1 /* Default.png */; };
		53D00CD81807DF15006711C1 /* Default@2x.png in Resources */ = {isa = PBXBuildFile; fileRef = 53D00CD71807DF15006711C1 /* Default@2x.png */; };
		53D00CDA1807DF15006711C1 /* Default-568h@2x.png in Resources */ = {isa = PBXBuildFile; fileRef = 53D00CD91807DF15006711C1 /* Default-568h@2x.png */; };
		53D00CDD1807DF15006711C1 /* ViewController.m in Sources */ = {isa = PBXBuildFile; fileRef = 53D00CDC1807DF15006711C1 /* ViewController.m */; };
		53D00CE01807DF15006711C1 /* ViewController.xib in Resources */ = {isa = PBXBuildFile; fileRef = 53D00CDE1807DF15006711C1 /* ViewController.xib */; };
/* End PBXBuildFile section */

/* Begin PBXFileReference section */
		53D00CC01807DF15006711C1 /* testtest.app */ = {isa = PBXFileReference; explicitFileType = wrapper.application; includeInIndex = 0; path = testtest.app; sourceTree = BUILT_PRODUCTS_DIR; };
		53D00CC31807DF15006711C1 /* UIKit.framework */ = {isa = PBXFileReference; lastKnownFileType = wrapper.framework; name = UIKit.framework; path = System/Library/Frameworks/UIKit.framework; sourceTree = SDKROOT; };
		53D00CC51807DF15006711C1 /* Foundation.framework */ = {isa = PBXFileReference; lastKnownFileType = wrapper.framework; name = Foundation.framework; path = System/Library/Frameworks/Foundation.framework; sourceTree = SDKROOT; };
		53D00CC71807DF15006711C1 /* CoreGraphics.framework */ = {isa = PBXFileReference; lastKnownFileType = wrapper.framework; name = CoreGraphics.framework; path = System/Library/Frameworks/CoreGraphics.framework; sourceTree = SDKROOT; };
		53D00CCB1807DF15006711C1 /* testtest-Info.plist */ = {isa = PBXFileReference; lastKnownFileType = text.plist.xml; path = "testtest-Info.plist"; sourceTree = "<group>"; };
		53D00CCD1807DF15006711C1 /* en */ = {isa = PBXFileReference; lastKnownFileType = text.plist.strings; name = en; path = en.lproj/InfoPlist.strings; sourceTree = "<group>"; };
		53D00CCF1807DF15006711C1 /* main.m */ = {isa = PBXFileReference; lastKnownFileType = sourcecode.c.objc; path = main.m; sourceTree = "<group>"; };
		53D00CD11807DF15006711C1 /* testtest-Prefix.pch */ = {isa = PBXFileReference; lastKnownFileType = sourcecode.c.h; path = "testtest-Prefix.pch"; sourceTree = "<group>"; };
		53D00CD21807DF15006711C1 /* AppDelegate.h */ = {isa = PBXFileReference; lastKnownFileType = sourcecode.c.h; path = AppDelegate.h; sourceTree = "<group>"; };
		53D00CD31807DF15006711C1 /* AppDelegate.m */ = {isa = PBXFileReference; lastKnownFileType = sourcecode.c.objc; path = AppDelegate.m; sourceTree = "<group>"; };
		53D00CD51807DF15006711C1 /* Default.png */ = {isa = PBXFileReference; lastKnownFileType = image.png; path = Default.png; sourceTree = "<group>"; };
		53D00CD71807DF15006711C1 /* Default@2x.png */ = {isa = PBXFileReference; lastKnownFileType = image.png; path = "Default@2x.png"; sourceTree = "<group>"; };
		53D00CD91807DF15006711C1 /* Default-568h@2x.png */ = {isa = PBXFileReference; lastKnownFileType = image.png; path = "Default-568h@2x.png"; sourceTree = "<group>"; };
		53D00CDB1807DF15006711C1 /* ViewController.h */ = {isa = PBXFileReference; lastKnownFileType = sourcecode.c.h; path = ViewController.h; sourceTree = "<group>"; };
		53D00CDC1807DF15006711C1 /* ViewController.m */ = {isa = PBXFileReference; lastKnownFileType = sourcecode.c.objc; path = ViewController.m; sourceTree = "<group>"; };
		53D00CDF1807DF15006711C1 /* en */ = {isa = PBXFileReference; lastKnownFileType = file.xib; name = en; path = en.lproj/ViewController.xib; sourceTree = "<group>"; };
/* End PBXFileReference section */

/* Begin PBXFrameworksBuildPhase section */
		53D00CBD1807DF15006711C1 /* Frameworks */ = {
			isa = PBXFrameworksBuildPhase;
			buildActionMask = 2147483647;
			files = (
				53D00CC41807DF15006711C1 /* UIKit.framework in Frameworks */,
				53D00CC61807DF15006711C1 /* Foundation.framework in Frameworks */,
				53D00CC81807DF15006711C1 /* CoreGraphics.framework in Frameworks */,
			);
			runOnlyForDeploymentPostprocessing = 0;
		};
/* End PBXFrameworksBuildPhase section */

/* Begin PBXGroup section */
		53D00CB71807DF15006711C1 = {
			isa = PBXGroup;
			children = (
				53D00CC91807DF15006711C1 /* testtest */,
				53D00CC21807DF15006711C1 /* Frameworks */,
				53D00CC11807DF15006711C1 /* Products */,
			);
			sourceTree = "<group>";
		};
		53D00CC11807DF15006711C1 /* Products */ = {
			isa = PBXGroup;
			children = (
				53D00CC01807DF15006711C1 /* testtest.app */,
			);
			name = Products;
			sourceTree = "<group>";
		};
		53D00CC21807DF15006711C1 /* Frameworks */ = {
			isa = PBXGroup;
			children = (
				53D00CC31807DF15006711C1 /* UIKit.framework */,
				53D00CC51807DF15006711C1 /* Foundation.framework */,
				53D00CC71807DF15006711C1 /* CoreGraphics.framework */,
			);
			name = Frameworks;
			sourceTree = "<group>";
		};
		53D00CC91807DF15006711C1 /* testtest */ = {
			isa = PBXGroup;
			children = (
				53D00CD21807DF15006711C1 /* AppDelegate.h */,
				53D00CD31807DF15006711C1 /* AppDelegate.m */,
				53D00CDB1807DF15006711C1 /* ViewController.h */,
				53D00CDC1807DF15006711C1 /* ViewController.m */,
				53D00CDE1807DF15006711C1 /* ViewController.xib */,
				53D00CCA1807DF15006711C1 /* Supporting Files */,
			);
			path = testtest;
			sourceTree = "<group>";
		};
		53D00CCA1807DF15006711C1 /* Supporting Files */ = {
			isa = PBXGroup;
			children = (
				53D00CCB1807DF15006711C1 /* testtest-Info.plist */,
				53D00CCC1807DF15006711C1 /* InfoPlist.strings */,
				53D00CCF1807DF15006711C1 /* main.m */,
				53D00CD11807DF15006711C1 /* testtest-Prefix.pch */,
				53D00CD51807DF15006711C1 /* Default.png */,
				53D00CD71807DF15006711C1 /* Default@2x.png */,
				53D00CD91807DF15006711C1 /* Default-568h@2x.png */,
			);
			name = "Supporting Files";
			sourceTree = "<group>";
		};
/* End PBXGroup section */

/* Begin PBXNativeTarget section */
		53D00CBF1807DF15006711C1 /* testtest */ = {
			isa = PBXNativeTarget;
			buildConfigurationList = 53D00CE31807DF15006711C1 /* Build configuration list for PBXNativeTarget "testtest" */;
			buildPhases = (
				53D00CBC1807DF15006711C1 /* Sources */,
				53D00CBD1807DF15006711C1 /* Frameworks */,
				53D00CBE1807DF15006711C1 /* Resources */,
			);
			buildRules = (
			);
			dependencies = (
			);
			name = testtest;
			productName = testtest;
			productReference = 53D00CC01807DF15006711C1 /* testtest.app */;
			productType = "com.apple.product-type.application";
		};
/* End PBXNativeTarget section */

/* Begin PBXProject section */
		53D00CB81807DF15006711C1 /* Project object */ = {
			isa = PBXProject;
			attributes = {
				LastUpgradeCheck = 0460;
				ORGANIZATIONNAME = NanoStuffs;
			};
			buildConfigurationList = 53D00CBB1807DF15006711C1 /* Build configuration list for PBXProject "testtest" */;
			compatibilityVersion = "Xcode 3.2";
			developmentRegion = English;
			hasScannedForEncodings = 0;
			knownRegions = (
				en,
			);
			mainGroup = 53D00CB71807DF15006711C1;
			productRefGroup = 53D00CC11807DF15006711C1 /* Products */;
			projectDirPath = "";
			projectRoot = "";
			targets = (
				53D00CBF1807DF15006711C1 /* testtest */,
			);
		};
/* End PBXProject section */

/* Begin PBXResourcesBuildPhase section */
		53D00CBE1807DF15006711C1 /* Resources */ = {
			isa = PBXResourcesBuildPhase;
			buildActionMask = 2147483647;
			files = (
				53D00CCE1807DF15006711C1 /* InfoPlist.strings in Resources */,
				53D00CD61807DF15006711C1 /* Default.png in Resources */,
				53D00CD81807DF15006711C1 /* Default@2x.png in Resources */,
				53D00CDA1807DF15006711C1 /* Default-568h@2x.png in Resources */,
				53D00CE01807DF15006711C1 /* ViewController.xib in Resources */,
			);
			runOnlyForDeploymentPostprocessing = 0;
		};
/* End PBXResourcesBuildPhase section */

/* Begin PBXSourcesBuildPhase section */
		53D00CBC1807DF15006711C1 /* Sources */ = {
			isa = PBXSourcesBuildPhase;
			buildActionMask = 2147483647;
			files = (
				53D00CD01807DF15006711C1 /* main.m in Sources */,
				53D00CD41807DF15006711C1 /* AppDelegate.m in Sources */,
				53D00CDD1807DF15006711C1 /* ViewController.m in Sources */,
			);
			runOnlyForDeploymentPostprocessing = 0;
		};
/* End PBXSourcesBuildPhase section */

/* Begin PBXVariantGroup section */
		53D00CCC1807DF15006711C1 /* InfoPlist.strings */ = {
			isa = PBXVariantGroup;
			children = (
				53D00CCD1807DF15006711C1 /* en */,
			);
			name = InfoPlist.strings;
			sourceTree = "<group>";
		};
		53D00CDE1807DF15006711C1 /* ViewController.xib */ = {
			isa = PBXVariantGroup;
			children = (
				53D00CDF1807DF15006711C1 /* en */,
			);
			name = ViewController.xib;
			sourceTree = "<group>";
		};
/* End PBXVariantGroup section */

/* Begin XCBuildConfiguration section */
		53D00CE11807DF15006711C1 /* Debug */ = {
			isa = XCBuildConfiguration;
			buildSettings = {
				ALWAYS_SEARCH_USER_PATHS = NO;
				CLANG_CXX_LANGUAGE_STANDARD = "gnu++0x";
				CLANG_CXX_LIBRARY = "libc++";
				CLANG_WARN_CONSTANT_CONVERSION = YES;
				CLANG_WARN_EMPTY_BODY = YES;
				CLANG_WARN_ENUM_CONVERSION = YES;
				CLANG_WARN_INT_CONVERSION = YES;
				CLANG_WARN__DUPLICATE_METHOD_MATCH = YES;
				"CODE_SIGN_IDENTITY[sdk=iphoneos*]" = "iPhone Developer";
				COPY_PHASE_STRIP = NO;
				GCC_C_LANGUAGE_STANDARD = gnu99;
				GCC_DYNAMIC_NO_PIC = NO;
				GCC_OPTIMIZATION_LEVEL = 0;
				GCC_PREPROCESSOR_DEFINITIONS = (
					"DEBUG=1",
					"$(inherited)",
				);
				GCC_SYMBOLS_PRIVATE_EXTERN = NO;
				GCC_WARN_ABOUT_RETURN_TYPE = YES;
				GCC_WARN_UNINITIALIZED_AUTOS = YES;
				GCC_WARN_UNUSED_VARIABLE = YES;
				IPHONEOS_DEPLOYMENT_TARGET = 6.1;
				ONLY_ACTIVE_ARCH = YES;
				SDKROOT = iphoneos;
			};
			name = Debug;
		};
		53D00CE21807DF15006711C1 /* Release */ = {
			isa = XCBuildConfiguration;
			buildSettings = {
				ALWAYS_SEARCH_USER_PATHS = NO;
				CLANG_CXX_LANGUAGE_STANDARD = "gnu++0x";
				CLANG_CXX_LIBRARY = "libc++";
				CLANG_WARN_CONSTANT_CONVERSION = YES;
				CLANG_WARN_EMPTY_BODY = YES;
				CLANG_WARN_ENUM_CONVERSION = YES;
				CLANG_WARN_INT_CONVERSION = YES;
				CLANG_WARN__DUPLICATE_METHOD_MATCH = YES;
				"CODE_SIGN_IDENTITY[sdk=iphoneos*]" = "iPhone Developer";
				COPY_PHASE_STRIP = YES;
				GCC_C_LANGUAGE_STANDARD = gnu99;
				GCC_WARN_ABOUT_RETURN_TYPE = YES;
				GCC_WARN_UNINITIALIZED_AUTOS = YES;
				GCC_WARN_UNUSED_VARIABLE = YES;
				IPHONEOS_DEPLOYMENT_TARGET = 6.1;
				OTHER_CFLAGS = "-DNS_BLOCK_ASSERTIONS=1";
				SDKROOT = iphoneos;
				VALIDATE_PRODUCT = YES;
			};
			name = Release;
		};
		53D00CE41807DF15006711C1 /* Debug */ = {
			isa = XCBuildConfiguration;
			buildSettings = {
				GCC_PRECOMPILE_PREFIX_HEADER = YES;
				GCC_PREFIX_HEADER = "testtest/testtest-Prefix.pch";
				INFOPLIST_FILE = "testtest/testtest-Info.plist";
				PRODUCT_NAME = "$(TARGET_NAME)";
				WRAPPER_EXTENSION = app;
			};
			name = Debug;
		};
		53D00CE51807DF15006711C1 /* Release */ = {
			isa = XCBuildConfiguration;
			buildSettings = {
				GCC_PRECOMPILE_PREFIX_HEADER = YES;
				GCC_PREFIX_HEADER = "testtest/testtest-Prefix.pch";
				INFOPLIST_FILE = "testtest/testtest-Info.plist";
				PRODUCT_NAME = "$(TARGET_NAME)";
				WRAPPER_EXTENSION = app;
			};
			name = Release;
		};
/* End XCBuildConfiguration section */

/* Begin XCConfigurationList section */
		53D00CBB1807DF15006711C1 /* Build configuration list for PBXProject "testtest" */ = {
			isa = XCConfigurationList;
			buildConfigurations = (
				53D00CE11807DF15006711C1 /* Debug */,
				53D00CE21807DF15006711C1 /* Release */,
			);
			defaultConfigurationIsVisible = 0;
			defaultConfigurationName = Release;
		};
		53D00CE31807DF15006711C1 /* Build configuration list for PBXNativeTarget "testtest" */ = {
			isa = XCConfigurationList;
			buildConfigurations = (
				53D00CE41807DF15006711C1 /* Debug */,
				53D00CE51807DF15006711C1 /* Release */,
			);
			defaultConfigurationIsVisible = 0;
		};
/* End XCConfigurationList section */
	};
	rootObject = 53D00CB81807DF15006711C1 /* Project object */;
}
